
Microsoft Visual Studio Solution File, Format Version 12.00
Project("{FAE04EC0-301F-11D3-BF4B-00C04F79EFBC}") = "Day1", "Day1\Day1.csproj", "{8CC53C88-3260-4CBB-93B9-BF0579C37BE0}"
EndProject
Project("{FAE04EC0-301F-11D3-BF4B-00C04F79EFBC}") = "Day1Test", "Day1Test\Day1Test.csproj", "{953B9C9A-D8A0-47F5-99F6-2B13B0C30CD9}"
EndProject
Project("{FAE04EC0-301F-11D3-BF4B-00C04F79EFBC}") = "Day2", "Day2\Day2.csproj", "{811FE264-3A79-4040-BB4A-58442112947C}"
EndProject
Project("{FAE04EC0-301F-11D3-BF4B-00C04F79EFBC}") = "Day2Test", "Day2Test\Day2Test.csproj", "{EAD708D1-410D-44E6-80E7-C26239DC421C}"
EndProject
Project("{FAE04EC0-301F-11D3-BF4B-00C04F79EFBC}") = "Day3Test", "Day3Test\Day3Test.csproj", "{A7C94840-CEA3-483F-9FF2-97FAB29F36CB}"
EndProject
Project("{FAE04EC0-301F-11D3-BF4B-00C04F79EFBC}") = "Day3", "Day3\Day3.csproj", "{8B027D46-20E5-430B-9784-A8875316DF8B}"
EndProject
Project("{FAE04EC0-301F-11D3-BF4B-00C04F79EFBC}") = "Day4", "Day4\Day4.csproj", "{41A038E2-8EDD-496D-98A0-9165ACB6FF93}"
EndProject
Project("{FAE04EC0-301F-11D3-BF4B-00C04F79EFBC}") = "Day4Test", "Day4Test\Day4Test.csproj", "{0FAF7A79-E709-45DA-89B0-4899866188E4}"
EndProject
Project("{FAE04EC0-301F-11D3-BF4B-00C04F79EFBC}") = "Day5", "Day5\Day5.csproj", "{169A4780-930C-444C-9D42-3C814E00F521}"
EndProject
Project("{FAE04EC0-301F-11D3-BF4B-00C04F79EFBC}") = "Day5Test", "Day5Test\Day5Test.csproj", "{BE1400F5-99C7-4397-8D99-073316593249}"
EndProject
Project("{FAE04EC0-301F-11D3-BF4B-00C04F79EFBC}") = "Day6", "Day6\Day6.csproj", "{380D6D66-57EA-44A5-8C41-421A8C50C745}"
EndProject
Project("{FAE04EC0-301F-11D3-BF4B-00C04F79EFBC}") = "Day6Test", "Day6Test\Day6Test.csproj", "{CC81A98A-FBB6-4F61-89B5-1BEF99BFC087}"
EndProject
Project("{FAE04EC0-301F-11D3-BF4B-00C04F79EFBC}") = "Day7Test", "Day7Test\Day7Test.csproj", "{117DCB51-E9F3-4A66-B9B4-19C58AC1C298}"
EndProject
Project("{FAE04EC0-301F-11D3-BF4B-00C04F79EFBC}") = "Day7", "Day7\Day7.csproj", "{B4B1DBAF-D36A-4F99-BF67-AC0EF46FDD1A}"
EndProject
Project("{FAE04EC0-301F-11D3-BF4B-00C04F79EFBC}") = "Day8", "Day8\Day8.csproj", "{9A44CA11-A831-4CAD-99C5-18D16BE695D5}"
EndProject
Project("{FAE04EC0-301F-11D3-BF4B-00C04F79EFBC}") = "Day8Test", "Day8Test\Day8Test.csproj", "{3C175D9E-8A0E-4971-9DD3-64431D35E902}"
EndProject
Global
	GlobalSection(SolutionConfigurationPlatforms) = preSolution
		Debug|Any CPU = Debug|Any CPU
		Release|Any CPU = Release|Any CPU
	EndGlobalSection
	GlobalSection(ProjectConfigurationPlatforms) = postSolution
		{8CC53C88-3260-4CBB-93B9-BF0579C37BE0}.Debug|Any CPU.ActiveCfg = Debug|Any CPU
		{8CC53C88-3260-4CBB-93B9-BF0579C37BE0}.Debug|Any CPU.Build.0 = Debug|Any CPU
		{8CC53C88-3260-4CBB-93B9-BF0579C37BE0}.Release|Any CPU.ActiveCfg = Release|Any CPU
		{8CC53C88-3260-4CBB-93B9-BF0579C37BE0}.Release|Any CPU.Build.0 = Release|Any CPU
		{953B9C9A-D8A0-47F5-99F6-2B13B0C30CD9}.Debug|Any CPU.ActiveCfg = Debug|Any CPU
		{953B9C9A-D8A0-47F5-99F6-2B13B0C30CD9}.Debug|Any CPU.Build.0 = Debug|Any CPU
		{953B9C9A-D8A0-47F5-99F6-2B13B0C30CD9}.Release|Any CPU.ActiveCfg = Release|Any CPU
		{953B9C9A-D8A0-47F5-99F6-2B13B0C30CD9}.Release|Any CPU.Build.0 = Release|Any CPU
		{811FE264-3A79-4040-BB4A-58442112947C}.Debug|Any CPU.ActiveCfg = Debug|Any CPU
		{811FE264-3A79-4040-BB4A-58442112947C}.Debug|Any CPU.Build.0 = Debug|Any CPU
		{811FE264-3A79-4040-BB4A-58442112947C}.Release|Any CPU.ActiveCfg = Release|Any CPU
		{811FE264-3A79-4040-BB4A-58442112947C}.Release|Any CPU.Build.0 = Release|Any CPU
		{EAD708D1-410D-44E6-80E7-C26239DC421C}.Debug|Any CPU.ActiveCfg = Debug|Any CPU
		{EAD708D1-410D-44E6-80E7-C26239DC421C}.Debug|Any CPU.Build.0 = Debug|Any CPU
		{EAD708D1-410D-44E6-80E7-C26239DC421C}.Release|Any CPU.ActiveCfg = Release|Any CPU
		{EAD708D1-410D-44E6-80E7-C26239DC421C}.Release|Any CPU.Build.0 = Release|Any CPU
		{A7C94840-CEA3-483F-9FF2-97FAB29F36CB}.Debug|Any CPU.ActiveCfg = Debug|Any CPU
		{A7C94840-CEA3-483F-9FF2-97FAB29F36CB}.Debug|Any CPU.Build.0 = Debug|Any CPU
		{A7C94840-CEA3-483F-9FF2-97FAB29F36CB}.Release|Any CPU.ActiveCfg = Release|Any CPU
		{A7C94840-CEA3-483F-9FF2-97FAB29F36CB}.Release|Any CPU.Build.0 = Release|Any CPU
		{8B027D46-20E5-430B-9784-A8875316DF8B}.Debug|Any CPU.ActiveCfg = Debug|Any CPU
		{8B027D46-20E5-430B-9784-A8875316DF8B}.Debug|Any CPU.Build.0 = Debug|Any CPU
		{8B027D46-20E5-430B-9784-A8875316DF8B}.Release|Any CPU.ActiveCfg = Release|Any CPU
		{8B027D46-20E5-430B-9784-A8875316DF8B}.Release|Any CPU.Build.0 = Release|Any CPU
		{41A038E2-8EDD-496D-98A0-9165ACB6FF93}.Debug|Any CPU.ActiveCfg = Debug|Any CPU
		{41A038E2-8EDD-496D-98A0-9165ACB6FF93}.Debug|Any CPU.Build.0 = Debug|Any CPU
		{41A038E2-8EDD-496D-98A0-9165ACB6FF93}.Release|Any CPU.ActiveCfg = Release|Any CPU
		{41A038E2-8EDD-496D-98A0-9165ACB6FF93}.Release|Any CPU.Build.0 = Release|Any CPU
		{0FAF7A79-E709-45DA-89B0-4899866188E4}.Debug|Any CPU.ActiveCfg = Debug|Any CPU
		{0FAF7A79-E709-45DA-89B0-4899866188E4}.Debug|Any CPU.Build.0 = Debug|Any CPU
		{0FAF7A79-E709-45DA-89B0-4899866188E4}.Release|Any CPU.ActiveCfg = Release|Any CPU
		{0FAF7A79-E709-45DA-89B0-4899866188E4}.Release|Any CPU.Build.0 = Release|Any CPU
		{169A4780-930C-444C-9D42-3C814E00F521}.Debug|Any CPU.ActiveCfg = Debug|Any CPU
		{169A4780-930C-444C-9D42-3C814E00F521}.Debug|Any CPU.Build.0 = Debug|Any CPU
		{169A4780-930C-444C-9D42-3C814E00F521}.Release|Any CPU.ActiveCfg = Release|Any CPU
		{169A4780-930C-444C-9D42-3C814E00F521}.Release|Any CPU.Build.0 = Release|Any CPU
		{BE1400F5-99C7-4397-8D99-073316593249}.Debug|Any CPU.ActiveCfg = Debug|Any CPU
		{BE1400F5-99C7-4397-8D99-073316593249}.Debug|Any CPU.Build.0 = Debug|Any CPU
		{BE1400F5-99C7-4397-8D99-073316593249}.Release|Any CPU.ActiveCfg = Release|Any CPU
		{BE1400F5-99C7-4397-8D99-073316593249}.Release|Any CPU.Build.0 = Release|Any CPU
		{380D6D66-57EA-44A5-8C41-421A8C50C745}.Debug|Any CPU.ActiveCfg = Debug|Any CPU
		{380D6D66-57EA-44A5-8C41-421A8C50C745}.Debug|Any CPU.Build.0 = Debug|Any CPU
		{380D6D66-57EA-44A5-8C41-421A8C50C745}.Release|Any CPU.ActiveCfg = Release|Any CPU
		{380D6D66-57EA-44A5-8C41-421A8C50C745}.Release|Any CPU.Build.0 = Release|Any CPU
		{CC81A98A-FBB6-4F61-89B5-1BEF99BFC087}.Debug|Any CPU.ActiveCfg = Debug|Any CPU
		{CC81A98A-FBB6-4F61-89B5-1BEF99BFC087}.Debug|Any CPU.Build.0 = Debug|Any CPU
		{CC81A98A-FBB6-4F61-89B5-1BEF99BFC087}.Release|Any CPU.ActiveCfg = Release|Any CPU
		{CC81A98A-FBB6-4F61-89B5-1BEF99BFC087}.Release|Any CPU.Build.0 = Release|Any CPU
		{117DCB51-E9F3-4A66-B9B4-19C58AC1C298}.Debug|Any CPU.ActiveCfg = Debug|Any CPU
		{117DCB51-E9F3-4A66-B9B4-19C58AC1C298}.Debug|Any CPU.Build.0 = Debug|Any CPU
		{117DCB51-E9F3-4A66-B9B4-19C58AC1C298}.Release|Any CPU.ActiveCfg = Release|Any CPU
		{117DCB51-E9F3-4A66-B9B4-19C58AC1C298}.Release|Any CPU.Build.0 = Release|Any CPU
		{B4B1DBAF-D36A-4F99-BF67-AC0EF46FDD1A}.Debug|Any CPU.ActiveCfg = Debug|Any CPU
		{B4B1DBAF-D36A-4F99-BF67-AC0EF46FDD1A}.Debug|Any CPU.Build.0 = Debug|Any CPU
		{B4B1DBAF-D36A-4F99-BF67-AC0EF46FDD1A}.Release|Any CPU.ActiveCfg = Release|Any CPU
		{B4B1DBAF-D36A-4F99-BF67-AC0EF46FDD1A}.Release|Any CPU.Build.0 = Release|Any CPU
		{9A44CA11-A831-4CAD-99C5-18D16BE695D5}.Debug|Any CPU.ActiveCfg = Debug|Any CPU
		{9A44CA11-A831-4CAD-99C5-18D16BE695D5}.Debug|Any CPU.Build.0 = Debug|Any CPU
		{9A44CA11-A831-4CAD-99C5-18D16BE695D5}.Release|Any CPU.ActiveCfg = Release|Any CPU
		{9A44CA11-A831-4CAD-99C5-18D16BE695D5}.Release|Any CPU.Build.0 = Release|Any CPU
		{3C175D9E-8A0E-4971-9DD3-64431D35E902}.Debug|Any CPU.ActiveCfg = Debug|Any CPU
		{3C175D9E-8A0E-4971-9DD3-64431D35E902}.Debug|Any CPU.Build.0 = Debug|Any CPU
		{3C175D9E-8A0E-4971-9DD3-64431D35E902}.Release|Any CPU.ActiveCfg = Release|Any CPU
		{3C175D9E-8A0E-4971-9DD3-64431D35E902}.Release|Any CPU.Build.0 = Release|Any CPU
	EndGlobalSection
EndGlobal
